
Microsoft Visual Studio Solution File, Format Version 12.00
# Visual Studio Version 17
VisualStudioVersion = 17.10.34804.81
MinimumVisualStudioVersion = 10.0.40219.1
Project("{8BC9CEB8-8B4A-11D0-8D11-00A0C91BC942}") = "ProgressBar", "ProgressBar\ProgressBar.vcxproj", "{354500B5-51AB-4044-A28D-3850D523E744}"
EndProject
Global
	GlobalSection(SolutionConfigurationPlatforms) = preSolution
		Debug|x64 = Debug|x64
		Debug|x86 = Debug|x86
		Release|x64 = Release|x64
		Release|x86 = Release|x86
	EndGlobalSection
	GlobalSection(ProjectConfigurationPlatforms) = postSolution
		{354500B5-51AB-4044-A28D-3850D523E744}.Debug|x64.ActiveCfg = Debug|x64
		{354500B5-51AB-4044-A28D-3850D523E744}.Debug|x64.Build.0 = Debug|x64
		{354500B5-51AB-4044-A28D-3850D523E744}.Debug|x86.ActiveCfg = Debug|Win32
		{354500B5-51AB-4044-A28D-3850D523E744}.Debug|x86.Build.0 = Debug|Win32
		{354500B5-51AB-4044-A28D-3850D523E744}.Release|x64.ActiveCfg = Release|x64
		{354500B5-51AB-4044-A28D-3850D523E744}.Release|x64.Build.0 = Release|x64
		{354500B5-51AB-4044-A28D-3850D523E744}.Release|x86.ActiveCfg = Release|Win32
		{354500B5-51AB-4044-A28D-3850D523E744}.Release|x86.Build.0 = Release|Win32
	EndGlobalSection
	GlobalSection(SolutionProperties) = preSolution
		HideSolutionNode = FALSE
	EndGlobalSection
	GlobalSection(ExtensibilityGlobals) = postSolution
		SolutionGuid = {CB0B58F6-FDDA-4864-8063-0680F3025FAE}
	EndGlobalSection
EndGlobal
